
Microsoft Visual Studio Solution File, Format Version 12.00
# Visual Studio Version 16
VisualStudioVersion = 16.0.30804.86
MinimumVisualStudioVersion = 10.0.40219.1
Project("{9A19103F-16F7-4668-BE54-9A1E7A4F7556}") = "TinkoffPortfolioAnalyzer", "TinkoffPortfolioAnalyzer\TinkoffPortfolioAnalyzer.csproj", "{297CE729-4E42-42FA-9993-27F064EAE03F}"
EndProject
Project("{2150E333-8FDC-42A3-9474-1A3956D46DE8}") = "Tests", "Tests", "{C301B41C-ACC6-4BDD-BC09-0713F5FDADF8}"
EndProject
Project("{9A19103F-16F7-4668-BE54-9A1E7A4F7556}") = "Library", "Library\Library.csproj", "{B03C5277-620D-474E-BFFB-E32FEB452770}"
EndProject
Global
	GlobalSection(SolutionConfigurationPlatforms) = preSolution
		Debug|Any CPU = Debug|Any CPU
		Release|Any CPU = Release|Any CPU
	EndGlobalSection
	GlobalSection(ProjectConfigurationPlatforms) = postSolution
		{297CE729-4E42-42FA-9993-27F064EAE03F}.Debug|Any CPU.ActiveCfg = Debug|Any CPU
		{297CE729-4E42-42FA-9993-27F064EAE03F}.Debug|Any CPU.Build.0 = Debug|Any CPU
		{297CE729-4E42-42FA-9993-27F064EAE03F}.Release|Any CPU.ActiveCfg = Release|Any CPU
		{297CE729-4E42-42FA-9993-27F064EAE03F}.Release|Any CPU.Build.0 = Release|Any CPU
		{B03C5277-620D-474E-BFFB-E32FEB452770}.Debug|Any CPU.ActiveCfg = Debug|Any CPU
		{B03C5277-620D-474E-BFFB-E32FEB452770}.Debug|Any CPU.Build.0 = Debug|Any CPU
		{B03C5277-620D-474E-BFFB-E32FEB452770}.Release|Any CPU.ActiveCfg = Release|Any CPU
		{B03C5277-620D-474E-BFFB-E32FEB452770}.Release|Any CPU.Build.0 = Release|Any CPU
	EndGlobalSection
	GlobalSection(SolutionProperties) = preSolution
		HideSolutionNode = FALSE
	EndGlobalSection
	GlobalSection(ExtensibilityGlobals) = postSolution
		SolutionGuid = {9D0E1738-147A-4A62-A341-3A23C23F85F3}
	EndGlobalSection
EndGlobal
